// !$*UTF8*$!
{
	archiveVersion = 1;
	classes = {};
	objectVersion = 56;
	objects = {

/* Begin PBXBuildFile section */
		A10000000000000000000101 /* CalTrackerApp.swift in Sources */ = {isa = PBXBuildFile; fileRef = A10000000000000000000001 /* CalTrackerApp.swift */; };
		A10000000000000000000102 /* Models.swift in Sources */ = {isa = PBXBuildFile; fileRef = A10000000000000000000002 /* Models.swift */; };
		A10000000000000000000103 /* Services.swift in Sources */ = {isa = PBXBuildFile; fileRef = A10000000000000000000003 /* Services.swift */; };
		A10000000000000000000104 /* DesignSystem.swift in Sources */ = {isa = PBXBuildFile; fileRef = A10000000000000000000004 /* DesignSystem.swift */; };
		A10000000000000000000105 /* OnboardingView.swift in Sources */ = {isa = PBXBuildFile; fileRef = A10000000000000000000005 /* OnboardingView.swift */; };
		A10000000000000000000106 /* RootView.swift in Sources */ = {isa = PBXBuildFile; fileRef = A10000000000000000000006 /* RootView.swift */; };
		A10000000000000000000107 /* TodayView.swift in Sources */ = {isa = PBXBuildFile; fileRef = A10000000000000000000007 /* TodayView.swift */; };
		A10000000000000000000108 /* LogView.swift in Sources */ = {isa = PBXBuildFile; fileRef = A10000000000000000000008 /* LogView.swift */; };
		A10000000000000000000109 /* HistoryView.swift in Sources */ = {isa = PBXBuildFile; fileRef = A10000000000000000000009 /* HistoryView.swift */; };
		A10000000000000000000110 /* PlanView.swift in Sources */ = {isa = PBXBuildFile; fileRef = A10000000000000000000010 /* PlanView.swift */; };
		A10000000000000000000111 /* ProfileView.swift in Sources */ = {isa = PBXBuildFile; fileRef = A10000000000000000000011 /* ProfileView.swift */; };
		A10000000000000000000112 /* Assets.xcassets in Resources */ = {isa = PBXBuildFile; fileRef = A10000000000000000000012 /* Assets.xcassets */; };
		A10000000000000000000113 /* DailySummaryTests.swift in Sources */ = {isa = PBXBuildFile; fileRef = A10000000000000000000015 /* DailySummaryTests.swift */; };
		A10000000000000000000114 /* DailySummary.swift in Sources */ = {isa = PBXBuildFile; fileRef = A10000000000000000000017 /* DailySummary.swift */; };
		A10000000000000000000115 /* FunctionalParityTests.swift in Sources */ = {isa = PBXBuildFile; fileRef = A10000000000000000000018 /* FunctionalParityTests.swift */; };
		A10000000000000000000116 /* AnalysisDraft.swift in Sources */ = {isa = PBXBuildFile; fileRef = A10000000000000000000019 /* AnalysisDraft.swift */; };
		A10000000000000000000117 /* MediaStore.swift in Sources */ = {isa = PBXBuildFile; fileRef = A10000000000000000000020 /* MediaStore.swift */; };
		A10000000000000000000118 /* BuffetSessionView.swift in Sources */ = {isa = PBXBuildFile; fileRef = A10000000000000000000021 /* BuffetSessionView.swift */; };
		A10000000000000000000119 /* AnalysisReviewView.swift in Sources */ = {isa = PBXBuildFile; fileRef = A10000000000000000000022 /* AnalysisReviewView.swift */; };
		A10000000000000000000120 /* RestaurantCatalog.swift in Sources */ = {isa = PBXBuildFile; fileRef = A10000000000000000000023 /* RestaurantCatalog.swift */; };
		A10000000000000000000121 /* RecipeImportService.swift in Sources */ = {isa = PBXBuildFile; fileRef = A10000000000000000000024 /* RecipeImportService.swift */; };
		A10000000000000000000122 /* RecipeImportView.swift in Sources */ = {isa = PBXBuildFile; fileRef = A10000000000000000000025 /* RecipeImportView.swift */; };
/* End PBXBuildFile section */

/* Begin PBXFileReference section */
		A10000000000000000000001 /* CalTrackerApp.swift */ = {isa = PBXFileReference; lastKnownFileType = sourcecode.swift; path = CalTrackerApp.swift; sourceTree = "<group>"; };
		A10000000000000000000002 /* Models.swift */ = {isa = PBXFileReference; lastKnownFileType = sourcecode.swift; path = Models.swift; sourceTree = "<group>"; };
		A10000000000000000000003 /* Services.swift */ = {isa = PBXFileReference; lastKnownFileType = sourcecode.swift; path = Services.swift; sourceTree = "<group>"; };
		A10000000000000000000004 /* DesignSystem.swift */ = {isa = PBXFileReference; lastKnownFileType = sourcecode.swift; path = DesignSystem.swift; sourceTree = "<group>"; };
		A10000000000000000000005 /* OnboardingView.swift */ = {isa = PBXFileReference; lastKnownFileType = sourcecode.swift; path = OnboardingView.swift; sourceTree = "<group>"; };
		A10000000000000000000006 /* RootView.swift */ = {isa = PBXFileReference; lastKnownFileType = sourcecode.swift; path = RootView.swift; sourceTree = "<group>"; };
		A10000000000000000000007 /* TodayView.swift */ = {isa = PBXFileReference; lastKnownFileType = sourcecode.swift; path = TodayView.swift; sourceTree = "<group>"; };
		A10000000000000000000008 /* LogView.swift */ = {isa = PBXFileReference; lastKnownFileType = sourcecode.swift; path = LogView.swift; sourceTree = "<group>"; };
		A10000000000000000000009 /* HistoryView.swift */ = {isa = PBXFileReference; lastKnownFileType = sourcecode.swift; path = HistoryView.swift; sourceTree = "<group>"; };
		A10000000000000000000010 /* PlanView.swift */ = {isa = PBXFileReference; lastKnownFileType = sourcecode.swift; path = PlanView.swift; sourceTree = "<group>"; };
		A10000000000000000000011 /* ProfileView.swift */ = {isa = PBXFileReference; lastKnownFileType = sourcecode.swift; path = ProfileView.swift; sourceTree = "<group>"; };
		A10000000000000000000012 /* Assets.xcassets */ = {isa = PBXFileReference; lastKnownFileType = folder.assetcatalog; path = Assets.xcassets; sourceTree = "<group>"; };
		A10000000000000000000013 /* Info.plist */ = {isa = PBXFileReference; lastKnownFileType = text.plist.xml; path = Info.plist; sourceTree = "<group>"; };
		A10000000000000000000014 /* CalTracker.app */ = {isa = PBXFileReference; explicitFileType = wrapper.application; includeInIndex = 0; path = CalTracker.app; sourceTree = BUILT_PRODUCTS_DIR; };
		A10000000000000000000015 /* DailySummaryTests.swift */ = {isa = PBXFileReference; lastKnownFileType = sourcecode.swift; path = DailySummaryTests.swift; sourceTree = "<group>"; };
		A10000000000000000000016 /* CalTrackerTests.xctest */ = {isa = PBXFileReference; explicitFileType = wrapper.cfbundle; includeInIndex = 0; path = CalTrackerTests.xctest; sourceTree = BUILT_PRODUCTS_DIR; };
		A10000000000000000000017 /* DailySummary.swift */ = {isa = PBXFileReference; lastKnownFileType = sourcecode.swift; path = DailySummary.swift; sourceTree = "<group>"; };
		A10000000000000000000018 /* FunctionalParityTests.swift */ = {isa = PBXFileReference; lastKnownFileType = sourcecode.swift; path = FunctionalParityTests.swift; sourceTree = "<group>"; };
		A10000000000000000000019 /* AnalysisDraft.swift */ = {isa = PBXFileReference; lastKnownFileType = sourcecode.swift; path = AnalysisDraft.swift; sourceTree = "<group>"; };
		A10000000000000000000020 /* MediaStore.swift */ = {isa = PBXFileReference; lastKnownFileType = sourcecode.swift; path = MediaStore.swift; sourceTree = "<group>"; };
		A10000000000000000000021 /* BuffetSessionView.swift */ = {isa = PBXFileReference; lastKnownFileType = sourcecode.swift; path = BuffetSessionView.swift; sourceTree = "<group>"; };
		A10000000000000000000022 /* AnalysisReviewView.swift */ = {isa = PBXFileReference; lastKnownFileType = sourcecode.swift; path = AnalysisReviewView.swift; sourceTree = "<group>"; };
		A10000000000000000000023 /* RestaurantCatalog.swift */ = {isa = PBXFileReference; lastKnownFileType = sourcecode.swift; path = RestaurantCatalog.swift; sourceTree = "<group>"; };
		A10000000000000000000024 /* RecipeImportService.swift */ = {isa = PBXFileReference; lastKnownFileType = sourcecode.swift; path = RecipeImportService.swift; sourceTree = "<group>"; };
		A10000000000000000000025 /* RecipeImportView.swift */ = {isa = PBXFileReference; lastKnownFileType = sourcecode.swift; path = RecipeImportView.swift; sourceTree = "<group>"; };
/* End PBXFileReference section */

/* Begin PBXFrameworksBuildPhase section */
		A10000000000000000000201 /* Frameworks */ = {isa = PBXFrameworksBuildPhase; buildActionMask = 2147483647; files = (); runOnlyForDeploymentPostprocessing = 0; };
		A10000000000000000000204 /* Frameworks */ = {isa = PBXFrameworksBuildPhase; buildActionMask = 2147483647; files = (); runOnlyForDeploymentPostprocessing = 0; };
/* End PBXFrameworksBuildPhase section */

/* Begin PBXGroup section */
		A10000000000000000000301 = {
			isa = PBXGroup;
			children = (
				A10000000000000000000302 /* CalTracker */,
				A10000000000000000000304 /* CalTrackerTests */,
				A10000000000000000000303 /* Products */,
			);
			sourceTree = "<group>";
		};
		A10000000000000000000302 /* CalTracker */ = {
			isa = PBXGroup;
			children = (
				A10000000000000000000001 /* CalTrackerApp.swift */,
				A10000000000000000000002 /* Models.swift */,
				A10000000000000000000003 /* Services.swift */,
				A10000000000000000000004 /* DesignSystem.swift */,
				A10000000000000000000005 /* OnboardingView.swift */,
				A10000000000000000000006 /* RootView.swift */,
				A10000000000000000000007 /* TodayView.swift */,
				A10000000000000000000008 /* LogView.swift */,
				A10000000000000000000009 /* HistoryView.swift */,
				A10000000000000000000010 /* PlanView.swift */,
				A10000000000000000000011 /* ProfileView.swift */,
				A10000000000000000000017 /* DailySummary.swift */,
				A10000000000000000000019 /* AnalysisDraft.swift */,
				A10000000000000000000020 /* MediaStore.swift */,
				A10000000000000000000021 /* BuffetSessionView.swift */,
				A10000000000000000000022 /* AnalysisReviewView.swift */,
				A10000000000000000000023 /* RestaurantCatalog.swift */,
				A10000000000000000000024 /* RecipeImportService.swift */,
				A10000000000000000000025 /* RecipeImportView.swift */,
				A10000000000000000000012 /* Assets.xcassets */,
				A10000000000000000000013 /* Info.plist */,
			);
			path = CalTracker;
			sourceTree = "<group>";
		};
		A10000000000000000000303 /* Products */ = {
			isa = PBXGroup;
			children = (
				A10000000000000000000014 /* CalTracker.app */,
				A10000000000000000000016 /* CalTrackerTests.xctest */,
			);
			name = Products;
			sourceTree = "<group>";
		};
		A10000000000000000000304 /* CalTrackerTests */ = {
			isa = PBXGroup;
			children = (
				A10000000000000000000015 /* DailySummaryTests.swift */,
				A10000000000000000000018 /* FunctionalParityTests.swift */,
			);
			path = CalTrackerTests;
			sourceTree = "<group>";
		};
/* End PBXGroup section */

/* Begin PBXNativeTarget section */
		A10000000000000000000401 /* CalTracker */ = {
			isa = PBXNativeTarget;
			buildConfigurationList = A10000000000000000000902 /* Build configuration list for PBXNativeTarget "CalTracker" */;
			buildPhases = (
				A10000000000000000000202 /* Sources */,
				A10000000000000000000201 /* Frameworks */,
				A10000000000000000000203 /* Resources */,
			);
			buildRules = ();
			dependencies = ();
			name = CalTracker;
			productName = CalTracker;
			productReference = A10000000000000000000014 /* CalTracker.app */;
			productType = "com.apple.product-type.application";
		};
		A10000000000000000000402 /* CalTrackerTests */ = {
			isa = PBXNativeTarget;
			buildConfigurationList = A10000000000000000000903 /* Build configuration list for PBXNativeTarget "CalTrackerTests" */;
			buildPhases = (
				A10000000000000000000205 /* Sources */,
				A10000000000000000000204 /* Frameworks */,
				A10000000000000000000206 /* Resources */,
			);
			buildRules = ();
			dependencies = ();
			name = CalTrackerTests;
			productName = CalTrackerTests;
			productReference = A10000000000000000000016 /* CalTrackerTests.xctest */;
			productType = "com.apple.product-type.bundle.unit-test";
		};
/* End PBXNativeTarget section */

/* Begin PBXProject section */
		A10000000000000000000501 /* Project object */ = {
			isa = PBXProject;
			attributes = {
				BuildIndependentTargetsInParallel = 1;
				LastSwiftUpdateCheck = 2600;
				LastUpgradeCheck = 2600;
				TargetAttributes = { A10000000000000000000401 = { CreatedOnToolsVersion = 26.0; ProvisioningStyle = Automatic; }; };
			};
			buildConfigurationList = A10000000000000000000901 /* Build configuration list for PBXProject "CalTracker" */;
			compatibilityVersion = "Xcode 14.0";
			developmentRegion = es;
			hasScannedForEncodings = 0;
			knownRegions = (es, en, Base);
			mainGroup = A10000000000000000000301;
			productRefGroup = A10000000000000000000303 /* Products */;
			projectDirPath = "";
			projectRoot = "";
			targets = (
				A10000000000000000000401 /* CalTracker */,
				A10000000000000000000402 /* CalTrackerTests */,
			);
		};
/* End PBXProject section */

/* Begin PBXResourcesBuildPhase section */
		A10000000000000000000203 /* Resources */ = {
			isa = PBXResourcesBuildPhase;
			buildActionMask = 2147483647;
			files = (A10000000000000000000112 /* Assets.xcassets in Resources */);
			runOnlyForDeploymentPostprocessing = 0;
		};
		A10000000000000000000206 /* Resources */ = {
			isa = PBXResourcesBuildPhase;
			buildActionMask = 2147483647;
			files = ();
			runOnlyForDeploymentPostprocessing = 0;
		};
/* End PBXResourcesBuildPhase section */

/* Begin PBXSourcesBuildPhase section */
		A10000000000000000000202 /* Sources */ = {
			isa = PBXSourcesBuildPhase;
			buildActionMask = 2147483647;
			files = (
				A10000000000000000000101 /* CalTrackerApp.swift in Sources */,
				A10000000000000000000102 /* Models.swift in Sources */,
				A10000000000000000000103 /* Services.swift in Sources */,
				A10000000000000000000104 /* DesignSystem.swift in Sources */,
				A10000000000000000000105 /* OnboardingView.swift in Sources */,
				A10000000000000000000106 /* RootView.swift in Sources */,
				A10000000000000000000107 /* TodayView.swift in Sources */,
				A10000000000000000000108 /* LogView.swift in Sources */,
				A10000000000000000000109 /* HistoryView.swift in Sources */,
				A10000000000000000000110 /* PlanView.swift in Sources */,
				A10000000000000000000111 /* ProfileView.swift in Sources */,
				A10000000000000000000114 /* DailySummary.swift in Sources */,
				A10000000000000000000116 /* AnalysisDraft.swift in Sources */,
				A10000000000000000000117 /* MediaStore.swift in Sources */,
				A10000000000000000000118 /* BuffetSessionView.swift in Sources */,
				A10000000000000000000119 /* AnalysisReviewView.swift in Sources */,
				A10000000000000000000120 /* RestaurantCatalog.swift in Sources */,
				A10000000000000000000121 /* RecipeImportService.swift in Sources */,
				A10000000000000000000122 /* RecipeImportView.swift in Sources */,
			);
			runOnlyForDeploymentPostprocessing = 0;
		};
		A10000000000000000000205 /* Sources */ = {
			isa = PBXSourcesBuildPhase;
			buildActionMask = 2147483647;
			files = (
				A10000000000000000000113 /* DailySummaryTests.swift in Sources */,
				A10000000000000000000115 /* FunctionalParityTests.swift in Sources */,
			);
			runOnlyForDeploymentPostprocessing = 0;
		};
/* End PBXSourcesBuildPhase section */

/* Begin XCBuildConfiguration section */
		A10000000000000000000801 /* Debug */ = {
			isa = XCBuildConfiguration;
			buildSettings = {
				CLANG_ENABLE_MODULES = YES;
				CLANG_ENABLE_OBJC_ARC = YES;
				ENABLE_TESTABILITY = YES;
				IPHONEOS_DEPLOYMENT_TARGET = 17.0;
				SDKROOT = iphoneos;
				SWIFT_ACTIVE_COMPILATION_CONDITIONS = DEBUG;
				SWIFT_OPTIMIZATION_LEVEL = "-Onone";
			};
			name = Debug;
		};
		A10000000000000000000802 /* Release */ = {
			isa = XCBuildConfiguration;
			buildSettings = {
				CLANG_ENABLE_MODULES = YES;
				CLANG_ENABLE_OBJC_ARC = YES;
				IPHONEOS_DEPLOYMENT_TARGET = 17.0;
				SDKROOT = iphoneos;
				SWIFT_COMPILATION_MODE = wholemodule;
			};
			name = Release;
		};
		A10000000000000000000803 /* Debug */ = {
			isa = XCBuildConfiguration;
			buildSettings = {
				ASSETCATALOG_COMPILER_APPICON_NAME = AppIcon;
				ASSETCATALOG_COMPILER_GLOBAL_ACCENT_COLOR_NAME = AccentColor;
				CODE_SIGN_STYLE = Automatic;
				CURRENT_PROJECT_VERSION = 2;
				DEVELOPMENT_TEAM = "";
				ENABLE_PREVIEWS = YES;
				GENERATE_INFOPLIST_FILE = NO;
				INFOPLIST_FILE = CalTracker/Info.plist;
				IPHONEOS_DEPLOYMENT_TARGET = 17.0;
				LD_RUNPATH_SEARCH_PATHS = ("$(inherited)", "@executable_path/Frameworks");
				MARKETING_VERSION = 1.1;
				PRODUCT_BUNDLE_IDENTIFIER = com.blulyk.CalTracker;
				PRODUCT_NAME = "$(TARGET_NAME)";
				SUPPORTED_PLATFORMS = "iphoneos iphonesimulator";
				SUPPORTS_MACCATALYST = NO;
				SUPPORTS_MAC_DESIGNED_FOR_IPHONE_IPAD = NO;
				SWIFT_EMIT_LOC_STRINGS = YES;
				SWIFT_OPTIMIZATION_LEVEL = "-Onone";
				SWIFT_VERSION = 5.0;
				TARGETED_DEVICE_FAMILY = "1,2";
			};
			name = Debug;
		};
		A10000000000000000000804 /* Release */ = {
			isa = XCBuildConfiguration;
			buildSettings = {
				ASSETCATALOG_COMPILER_APPICON_NAME = AppIcon;
				ASSETCATALOG_COMPILER_GLOBAL_ACCENT_COLOR_NAME = AccentColor;
				CODE_SIGN_STYLE = Automatic;
				CURRENT_PROJECT_VERSION = 2;
				DEVELOPMENT_TEAM = "";
				ENABLE_PREVIEWS = YES;
				GENERATE_INFOPLIST_FILE = NO;
				INFOPLIST_FILE = CalTracker/Info.plist;
				IPHONEOS_DEPLOYMENT_TARGET = 17.0;
				LD_RUNPATH_SEARCH_PATHS = ("$(inherited)", "@executable_path/Frameworks");
				MARKETING_VERSION = 1.1;
				PRODUCT_BUNDLE_IDENTIFIER = com.blulyk.CalTracker;
				PRODUCT_NAME = "$(TARGET_NAME)";
				SUPPORTED_PLATFORMS = "iphoneos iphonesimulator";
				SUPPORTS_MACCATALYST = NO;
				SUPPORTS_MAC_DESIGNED_FOR_IPHONE_IPAD = NO;
				SWIFT_EMIT_LOC_STRINGS = YES;
				SWIFT_VERSION = 5.0;
				TARGETED_DEVICE_FAMILY = "1,2";
			};
			name = Release;
		};
		A10000000000000000000805 /* Debug */ = {
			isa = XCBuildConfiguration;
			buildSettings = {
				BUNDLE_LOADER = "$(TEST_HOST)";
				CODE_SIGN_STYLE = Automatic;
				GENERATE_INFOPLIST_FILE = YES;
				IPHONEOS_DEPLOYMENT_TARGET = 17.0;
				PRODUCT_BUNDLE_IDENTIFIER = com.blulyk.CalTrackerTests;
				PRODUCT_NAME = "$(TARGET_NAME)";
				SWIFT_VERSION = 5.0;
				TARGETED_DEVICE_FAMILY = "1,2";
				TEST_HOST = "$(BUILT_PRODUCTS_DIR)/CalTracker.app/$(BUNDLE_EXECUTABLE_FOLDER_PATH)/CalTracker";
			};
			name = Debug;
		};
		A10000000000000000000806 /* Release */ = {
			isa = XCBuildConfiguration;
			buildSettings = {
				BUNDLE_LOADER = "$(TEST_HOST)";
				CODE_SIGN_STYLE = Automatic;
				GENERATE_INFOPLIST_FILE = YES;
				IPHONEOS_DEPLOYMENT_TARGET = 17.0;
				PRODUCT_BUNDLE_IDENTIFIER = com.blulyk.CalTrackerTests;
				PRODUCT_NAME = "$(TARGET_NAME)";
				SWIFT_VERSION = 5.0;
				TARGETED_DEVICE_FAMILY = "1,2";
				TEST_HOST = "$(BUILT_PRODUCTS_DIR)/CalTracker.app/$(BUNDLE_EXECUTABLE_FOLDER_PATH)/CalTracker";
			};
			name = Release;
		};
/* End XCBuildConfiguration section */

/* Begin XCConfigurationList section */
		A10000000000000000000901 /* Build configuration list for PBXProject "CalTracker" */ = {
			isa = XCConfigurationList;
			buildConfigurations = (A10000000000000000000801 /* Debug */, A10000000000000000000802 /* Release */);
			defaultConfigurationIsVisible = 0;
			defaultConfigurationName = Release;
		};
		A10000000000000000000902 /* Build configuration list for PBXNativeTarget "CalTracker" */ = {
			isa = XCConfigurationList;
			buildConfigurations = (A10000000000000000000803 /* Debug */, A10000000000000000000804 /* Release */);
			defaultConfigurationIsVisible = 0;
			defaultConfigurationName = Release;
		};
		A10000000000000000000903 /* Build configuration list for PBXNativeTarget "CalTrackerTests" */ = {
			isa = XCConfigurationList;
			buildConfigurations = (
				A10000000000000000000805 /* Debug */,
				A10000000000000000000806 /* Release */,
			);
			defaultConfigurationIsVisible = 0;
			defaultConfigurationName = Release;
		};
/* End XCConfigurationList section */
	};
	rootObject = A10000000000000000000501 /* Project object */;
}
